
Microsoft Visual Studio Solution File, Format Version 12.00
# Visual Studio Version 16
VisualStudioVersion = 16.0.31129.286
MinimumVisualStudioVersion = 10.0.40219.1
Project("{9A19103F-16F7-4668-BE54-9A1E7A4F7556}") = "QuadraticEquationTests", "QuadraticEquationTests\QuadraticEquationTests.csproj", "{FF5AB18C-28D7-434D-B5A1-B36CA90232B4}"
EndProject
Project("{9A19103F-16F7-4668-BE54-9A1E7A4F7556}") = "QuadraticEquation", "QuadraticEquation\QuadraticEquation.csproj", "{F42D8DF0-676F-47BF-B96F-FB2822A1D4C6}"
EndProject
Project("{FAE04EC0-301F-11D3-BF4B-00C04F79EFBC}") = "TanksGameCore", "TanksGameCore\TanksGameCore.csproj", "{B976B036-45FE-4537-B958-34DF66813B3C}"
EndProject
Project("{FAE04EC0-301F-11D3-BF4B-00C04F79EFBC}") = "TanksGameCoreTests", "TanksGameCoreTests\TanksGameCoreTests.csproj", "{BA555A5D-0183-4D7E-9DB7-493E2495B1AD}"
EndProject
Project("{FAE04EC0-301F-11D3-BF4B-00C04F79EFBC}") = "CodeGeneration", "CodeGeneration\CodeGeneration.csproj", "{D4A632A8-BB23-4645-A554-A324BAD57B41}"
EndProject
Project("{FAE04EC0-301F-11D3-BF4B-00C04F79EFBC}") = "IoCTests", "IoCTests\IoCTests.csproj", "{994BDAEC-0CC9-48B1-97E7-D7BA077174FD}"
EndProject
Project("{FAE04EC0-301F-11D3-BF4B-00C04F79EFBC}") = "IoC", "IoC\IoC.csproj", "{1943D297-6690-4815-9D28-418C37A27808}"
EndProject
Project("{FAE04EC0-301F-11D3-BF4B-00C04F79EFBC}") = "CodeGenerationTests", "CodeGenerationTests\CodeGenerationTests.csproj", "{5F90D39D-6E92-4C8D-8C62-3600F1667C9F}"
EndProject
Project("{FAE04EC0-301F-11D3-BF4B-00C04F79EFBC}") = "GeneratorLib", "GeneratorLib\GeneratorLib.csproj", "{67B98A00-2696-4E97-97AF-5DB24A155C96}"
EndProject
Project("{FAE04EC0-301F-11D3-BF4B-00C04F79EFBC}") = "GeneratorExecutor", "GeneratorExecutor\GeneratorExecutor.csproj", "{90D69EF6-946C-4EE9-8B76-24F1D5F5CA04}"
EndProject
Project("{FAE04EC0-301F-11D3-BF4B-00C04F79EFBC}") = "DynamicClass", "DynamicClass\DynamicClass.csproj", "{2111147C-80A9-4C05-9484-56EB375876CF}"
EndProject
Global
	GlobalSection(SolutionConfigurationPlatforms) = preSolution
		Debug|Any CPU = Debug|Any CPU
		Release|Any CPU = Release|Any CPU
	EndGlobalSection
	GlobalSection(ProjectConfigurationPlatforms) = postSolution
		{FF5AB18C-28D7-434D-B5A1-B36CA90232B4}.Debug|Any CPU.ActiveCfg = Debug|Any CPU
		{FF5AB18C-28D7-434D-B5A1-B36CA90232B4}.Debug|Any CPU.Build.0 = Debug|Any CPU
		{FF5AB18C-28D7-434D-B5A1-B36CA90232B4}.Release|Any CPU.ActiveCfg = Release|Any CPU
		{FF5AB18C-28D7-434D-B5A1-B36CA90232B4}.Release|Any CPU.Build.0 = Release|Any CPU
		{F42D8DF0-676F-47BF-B96F-FB2822A1D4C6}.Debug|Any CPU.ActiveCfg = Debug|Any CPU
		{F42D8DF0-676F-47BF-B96F-FB2822A1D4C6}.Debug|Any CPU.Build.0 = Debug|Any CPU
		{F42D8DF0-676F-47BF-B96F-FB2822A1D4C6}.Release|Any CPU.ActiveCfg = Release|Any CPU
		{F42D8DF0-676F-47BF-B96F-FB2822A1D4C6}.Release|Any CPU.Build.0 = Release|Any CPU
		{B976B036-45FE-4537-B958-34DF66813B3C}.Debug|Any CPU.ActiveCfg = Debug|Any CPU
		{B976B036-45FE-4537-B958-34DF66813B3C}.Debug|Any CPU.Build.0 = Debug|Any CPU
		{B976B036-45FE-4537-B958-34DF66813B3C}.Release|Any CPU.ActiveCfg = Release|Any CPU
		{B976B036-45FE-4537-B958-34DF66813B3C}.Release|Any CPU.Build.0 = Release|Any CPU
		{BA555A5D-0183-4D7E-9DB7-493E2495B1AD}.Debug|Any CPU.ActiveCfg = Debug|Any CPU
		{BA555A5D-0183-4D7E-9DB7-493E2495B1AD}.Debug|Any CPU.Build.0 = Debug|Any CPU
		{BA555A5D-0183-4D7E-9DB7-493E2495B1AD}.Release|Any CPU.ActiveCfg = Release|Any CPU
		{BA555A5D-0183-4D7E-9DB7-493E2495B1AD}.Release|Any CPU.Build.0 = Release|Any CPU
		{D4A632A8-BB23-4645-A554-A324BAD57B41}.Debug|Any CPU.ActiveCfg = Debug|Any CPU
		{D4A632A8-BB23-4645-A554-A324BAD57B41}.Debug|Any CPU.Build.0 = Debug|Any CPU
		{D4A632A8-BB23-4645-A554-A324BAD57B41}.Release|Any CPU.ActiveCfg = Release|Any CPU
		{D4A632A8-BB23-4645-A554-A324BAD57B41}.Release|Any CPU.Build.0 = Release|Any CPU
		{994BDAEC-0CC9-48B1-97E7-D7BA077174FD}.Debug|Any CPU.ActiveCfg = Debug|Any CPU
		{994BDAEC-0CC9-48B1-97E7-D7BA077174FD}.Debug|Any CPU.Build.0 = Debug|Any CPU
		{994BDAEC-0CC9-48B1-97E7-D7BA077174FD}.Release|Any CPU.ActiveCfg = Release|Any CPU
		{994BDAEC-0CC9-48B1-97E7-D7BA077174FD}.Release|Any CPU.Build.0 = Release|Any CPU
		{1943D297-6690-4815-9D28-418C37A27808}.Debug|Any CPU.ActiveCfg = Debug|Any CPU
		{1943D297-6690-4815-9D28-418C37A27808}.Debug|Any CPU.Build.0 = Debug|Any CPU
		{1943D297-6690-4815-9D28-418C37A27808}.Release|Any CPU.ActiveCfg = Release|Any CPU
		{1943D297-6690-4815-9D28-418C37A27808}.Release|Any CPU.Build.0 = Release|Any CPU
		{5F90D39D-6E92-4C8D-8C62-3600F1667C9F}.Debug|Any CPU.ActiveCfg = Debug|Any CPU
		{5F90D39D-6E92-4C8D-8C62-3600F1667C9F}.Debug|Any CPU.Build.0 = Debug|Any CPU
		{5F90D39D-6E92-4C8D-8C62-3600F1667C9F}.Release|Any CPU.ActiveCfg = Release|Any CPU
		{5F90D39D-6E92-4C8D-8C62-3600F1667C9F}.Release|Any CPU.Build.0 = Release|Any CPU
		{67B98A00-2696-4E97-97AF-5DB24A155C96}.Debug|Any CPU.ActiveCfg = Debug|Any CPU
		{67B98A00-2696-4E97-97AF-5DB24A155C96}.Debug|Any CPU.Build.0 = Debug|Any CPU
		{67B98A00-2696-4E97-97AF-5DB24A155C96}.Release|Any CPU.ActiveCfg = Release|Any CPU
		{67B98A00-2696-4E97-97AF-5DB24A155C96}.Release|Any CPU.Build.0 = Release|Any CPU
		{90D69EF6-946C-4EE9-8B76-24F1D5F5CA04}.Debug|Any CPU.ActiveCfg = Debug|Any CPU
		{90D69EF6-946C-4EE9-8B76-24F1D5F5CA04}.Debug|Any CPU.Build.0 = Debug|Any CPU
		{90D69EF6-946C-4EE9-8B76-24F1D5F5CA04}.Release|Any CPU.ActiveCfg = Release|Any CPU
		{90D69EF6-946C-4EE9-8B76-24F1D5F5CA04}.Release|Any CPU.Build.0 = Release|Any CPU
		{2111147C-80A9-4C05-9484-56EB375876CF}.Debug|Any CPU.ActiveCfg = Debug|Any CPU
		{2111147C-80A9-4C05-9484-56EB375876CF}.Debug|Any CPU.Build.0 = Debug|Any CPU
		{2111147C-80A9-4C05-9484-56EB375876CF}.Release|Any CPU.ActiveCfg = Release|Any CPU
		{2111147C-80A9-4C05-9484-56EB375876CF}.Release|Any CPU.Build.0 = Release|Any CPU
	EndGlobalSection
	GlobalSection(SolutionProperties) = preSolution
		HideSolutionNode = FALSE
	EndGlobalSection
	GlobalSection(ExtensibilityGlobals) = postSolution
		SolutionGuid = {2B0BF64D-F848-4D9A-8641-FCDFB98551F8}
	EndGlobalSection
EndGlobal
